
Microsoft Visual Studio Solution File, Format Version 12.00
# Visual Studio 15
VisualStudioVersion = 15.0.26430.6
MinimumVisualStudioVersion = 10.0.40219.1
Project("{FAE04EC0-301F-11D3-BF4B-00C04F79EFBC}") = "stock-prices", "stock-prices.csproj", "{5F46401C-E9B6-4D41-9876-4B1E877A33F9}"
EndProject
Global
	GlobalSection(SolutionConfigurationPlatforms) = preSolution
		Debug|Any CPU = Debug|Any CPU
		Release|Any CPU = Release|Any CPU
	EndGlobalSection
	GlobalSection(ProjectConfigurationPlatforms) = postSolution
		{5F46401C-E9B6-4D41-9876-4B1E877A33F9}.Debug|Any CPU.ActiveCfg = Debug|Any CPU
		{5F46401C-E9B6-4D41-9876-4B1E877A33F9}.Debug|Any CPU.Build.0 = Debug|Any CPU
		{5F46401C-E9B6-4D41-9876-4B1E877A33F9}.Release|Any CPU.ActiveCfg = Release|Any CPU
		{5F46401C-E9B6-4D41-9876-4B1E877A33F9}.Release|Any CPU.Build.0 = Release|Any CPU
	EndGlobalSection
	GlobalSection(SolutionProperties) = preSolution
		HideSolutionNode = FALSE
	EndGlobalSection
EndGlobal
